// !$*UTF8*$!
{
	archiveVersion = 1;
	classes = {
	};
	objectVersion = 56;
	objects = {

/* Begin PBXBuildFile section */
		9DEF27FB299E738400E66449 /* MoonShotApp.swift in Sources */ = {isa = PBXBuildFile; fileRef = 9DEF27FA299E738400E66449 /* MoonShotApp.swift */; };
		9DEF27FD299E738400E66449 /* ContentView.swift in Sources */ = {isa = PBXBuildFile; fileRef = 9DEF27FC299E738400E66449 /* ContentView.swift */; };
		9DEF27FF299E738500E66449 /* Assets.xcassets in Resources */ = {isa = PBXBuildFile; fileRef = 9DEF27FE299E738500E66449 /* Assets.xcassets */; };
		9DEF2802299E738500E66449 /* Preview Assets.xcassets in Resources */ = {isa = PBXBuildFile; fileRef = 9DEF2801299E738500E66449 /* Preview Assets.xcassets */; };
		9DEF280A299E7A3400E66449 /* astronauts.json in Resources */ = {isa = PBXBuildFile; fileRef = 9DEF2808299E7A3400E66449 /* astronauts.json */; };
		9DEF280B299E7A3400E66449 /* missions.json in Resources */ = {isa = PBXBuildFile; fileRef = 9DEF2809299E7A3400E66449 /* missions.json */; };
		9DEF280D299E7ACA00E66449 /* Astronaut.swift in Sources */ = {isa = PBXBuildFile; fileRef = 9DEF280C299E7ACA00E66449 /* Astronaut.swift */; };
		9DEF280F299E7B0D00E66449 /* Bundle-Decodable.swift in Sources */ = {isa = PBXBuildFile; fileRef = 9DEF280E299E7B0D00E66449 /* Bundle-Decodable.swift */; };
		9DEF2811299E7BD300E66449 /* Mission.swift in Sources */ = {isa = PBXBuildFile; fileRef = 9DEF2810299E7BD300E66449 /* Mission.swift */; };
		9DEF2816299E8D3400E66449 /* Color-Theme.swift in Sources */ = {isa = PBXBuildFile; fileRef = 9DEF2815299E8D3400E66449 /* Color-Theme.swift */; };
		9DEF2818299E8F8F00E66449 /* MissionView.swift in Sources */ = {isa = PBXBuildFile; fileRef = 9DEF2817299E8F8F00E66449 /* MissionView.swift */; };
		9DEF281B299E930D00E66449 /* AstronautView.swift in Sources */ = {isa = PBXBuildFile; fileRef = 9DEF281A299E930D00E66449 /* AstronautView.swift */; };
		9DEF281D299E944800E66449 /* CustomDividerView.swift in Sources */ = {isa = PBXBuildFile; fileRef = 9DEF281C299E944800E66449 /* CustomDividerView.swift */; };
		9DEF281F299E947D00E66449 /* CrewCarouselView.swift in Sources */ = {isa = PBXBuildFile; fileRef = 9DEF281E299E947D00E66449 /* CrewCarouselView.swift */; };
		9DEF2822299E952800E66449 /* MissionsGridView.swift in Sources */ = {isa = PBXBuildFile; fileRef = 9DEF2821299E952800E66449 /* MissionsGridView.swift */; };
		9DEF2824299E967C00E66449 /* MissionsTableView.swift in Sources */ = {isa = PBXBuildFile; fileRef = 9DEF2823299E967C00E66449 /* MissionsTableView.swift */; };
/* End PBXBuildFile section */

/* Begin PBXFileReference section */
		9DEF27F7299E738400E66449 /* MoonShot.app */ = {isa = PBXFileReference; explicitFileType = wrapper.application; includeInIndex = 0; path = MoonShot.app; sourceTree = BUILT_PRODUCTS_DIR; };
		9DEF27FA299E738400E66449 /* MoonShotApp.swift */ = {isa = PBXFileReference; lastKnownFileType = sourcecode.swift; path = MoonShotApp.swift; sourceTree = "<group>"; };
		9DEF27FC299E738400E66449 /* ContentView.swift */ = {isa = PBXFileReference; lastKnownFileType = sourcecode.swift; path = ContentView.swift; sourceTree = "<group>"; };
		9DEF27FE299E738500E66449 /* Assets.xcassets */ = {isa = PBXFileReference; lastKnownFileType = folder.assetcatalog; path = Assets.xcassets; sourceTree = "<group>"; };
		9DEF2801299E738500E66449 /* Preview Assets.xcassets */ = {isa = PBXFileReference; lastKnownFileType = folder.assetcatalog; path = "Preview Assets.xcassets"; sourceTree = "<group>"; };
		9DEF2808299E7A3400E66449 /* astronauts.json */ = {isa = PBXFileReference; fileEncoding = 4; lastKnownFileType = text.json; path = astronauts.json; sourceTree = "<group>"; };
		9DEF2809299E7A3400E66449 /* missions.json */ = {isa = PBXFileReference; fileEncoding = 4; lastKnownFileType = text.json; path = missions.json; sourceTree = "<group>"; };
		9DEF280C299E7ACA00E66449 /* Astronaut.swift */ = {isa = PBXFileReference; lastKnownFileType = sourcecode.swift; path = Astronaut.swift; sourceTree = "<group>"; };
		9DEF280E299E7B0D00E66449 /* Bundle-Decodable.swift */ = {isa = PBXFileReference; lastKnownFileType = sourcecode.swift; path = "Bundle-Decodable.swift"; sourceTree = "<group>"; };
		9DEF2810299E7BD300E66449 /* Mission.swift */ = {isa = PBXFileReference; lastKnownFileType = sourcecode.swift; path = Mission.swift; sourceTree = "<group>"; };
		9DEF2815299E8D3400E66449 /* Color-Theme.swift */ = {isa = PBXFileReference; lastKnownFileType = sourcecode.swift; path = "Color-Theme.swift"; sourceTree = "<group>"; };
		9DEF2817299E8F8F00E66449 /* MissionView.swift */ = {isa = PBXFileReference; lastKnownFileType = sourcecode.swift; path = MissionView.swift; sourceTree = "<group>"; };
		9DEF281A299E930D00E66449 /* AstronautView.swift */ = {isa = PBXFileReference; lastKnownFileType = sourcecode.swift; path = AstronautView.swift; sourceTree = "<group>"; };
		9DEF281C299E944800E66449 /* CustomDividerView.swift */ = {isa = PBXFileReference; lastKnownFileType = sourcecode.swift; path = CustomDividerView.swift; sourceTree = "<group>"; };
		9DEF281E299E947D00E66449 /* CrewCarouselView.swift */ = {isa = PBXFileReference; lastKnownFileType = sourcecode.swift; path = CrewCarouselView.swift; sourceTree = "<group>"; };
		9DEF2821299E952800E66449 /* MissionsGridView.swift */ = {isa = PBXFileReference; lastKnownFileType = sourcecode.swift; path = MissionsGridView.swift; sourceTree = "<group>"; };
		9DEF2823299E967C00E66449 /* MissionsTableView.swift */ = {isa = PBXFileReference; lastKnownFileType = sourcecode.swift; path = MissionsTableView.swift; sourceTree = "<group>"; };
/* End PBXFileReference section */

/* Begin PBXFrameworksBuildPhase section */
		9DEF27F4299E738400E66449 /* Frameworks */ = {
			isa = PBXFrameworksBuildPhase;
			buildActionMask = 2147483647;
			files = (
			);
			runOnlyForDeploymentPostprocessing = 0;
		};
/* End PBXFrameworksBuildPhase section */

/* Begin PBXGroup section */
		9DEF27EE299E738400E66449 = {
			isa = PBXGroup;
			children = (
				9DEF27F9299E738400E66449 /* MoonShot */,
				9DEF27F8299E738400E66449 /* Products */,
			);
			sourceTree = "<group>";
		};
		9DEF27F8299E738400E66449 /* Products */ = {
			isa = PBXGroup;
			children = (
				9DEF27F7299E738400E66449 /* MoonShot.app */,
			);
			name = Products;
			sourceTree = "<group>";
		};
		9DEF27F9299E738400E66449 /* MoonShot */ = {
			isa = PBXGroup;
			children = (
				9DEF27FA299E738400E66449 /* MoonShotApp.swift */,
				9DEF2819299E92FE00E66449 /* Views */,
				9DEF2813299E7BDD00E66449 /* JSON's */,
				9DEF2812299E7BD600E66449 /* Models */,
				9DEF2814299E7BF200E66449 /* Extensions */,
				9DEF27FE299E738500E66449 /* Assets.xcassets */,
				9DEF2800299E738500E66449 /* Preview Content */,
			);
			path = MoonShot;
			sourceTree = "<group>";
		};
		9DEF2800299E738500E66449 /* Preview Content */ = {
			isa = PBXGroup;
			children = (
				9DEF2801299E738500E66449 /* Preview Assets.xcassets */,
			);
			path = "Preview Content";
			sourceTree = "<group>";
		};
		9DEF2812299E7BD600E66449 /* Models */ = {
			isa = PBXGroup;
			children = (
				9DEF280C299E7ACA00E66449 /* Astronaut.swift */,
				9DEF2810299E7BD300E66449 /* Mission.swift */,
			);
			path = Models;
			sourceTree = "<group>";
		};
		9DEF2813299E7BDD00E66449 /* JSON's */ = {
			isa = PBXGroup;
			children = (
				9DEF2809299E7A3400E66449 /* missions.json */,
				9DEF2808299E7A3400E66449 /* astronauts.json */,
			);
			path = "JSON's";
			sourceTree = "<group>";
		};
		9DEF2814299E7BF200E66449 /* Extensions */ = {
			isa = PBXGroup;
			children = (
				9DEF280E299E7B0D00E66449 /* Bundle-Decodable.swift */,
				9DEF2815299E8D3400E66449 /* Color-Theme.swift */,
			);
			path = Extensions;
			sourceTree = "<group>";
		};
		9DEF2819299E92FE00E66449 /* Views */ = {
			isa = PBXGroup;
			children = (
				9DEF27FC299E738400E66449 /* ContentView.swift */,
				9DEF2817299E8F8F00E66449 /* MissionView.swift */,
				9DEF2821299E952800E66449 /* MissionsGridView.swift */,
				9DEF2823299E967C00E66449 /* MissionsTableView.swift */,
				9DEF281A299E930D00E66449 /* AstronautView.swift */,
				9DEF281C299E944800E66449 /* CustomDividerView.swift */,
				9DEF281E299E947D00E66449 /* CrewCarouselView.swift */,
			);
			path = Views;
			sourceTree = "<group>";
		};
/* End PBXGroup section */

/* Begin PBXNativeTarget section */
		9DEF27F6299E738400E66449 /* MoonShot */ = {
			isa = PBXNativeTarget;
			buildConfigurationList = 9DEF2805299E738500E66449 /* Build configuration list for PBXNativeTarget "MoonShot" */;
			buildPhases = (
				9DEF27F3299E738400E66449 /* Sources */,
				9DEF27F4299E738400E66449 /* Frameworks */,
				9DEF27F5299E738400E66449 /* Resources */,
			);
			buildRules = (
			);
			dependencies = (
			);
			name = MoonShot;
			productName = MoonShot;
			productReference = 9DEF27F7299E738400E66449 /* MoonShot.app */;
			productType = "com.apple.product-type.application";
		};
/* End PBXNativeTarget section */

/* Begin PBXProject section */
		9DEF27EF299E738400E66449 /* Project object */ = {
			isa = PBXProject;
			attributes = {
				BuildIndependentTargetsInParallel = 1;
				LastSwiftUpdateCheck = 1420;
				LastUpgradeCheck = 1420;
				TargetAttributes = {
					9DEF27F6299E738400E66449 = {
						CreatedOnToolsVersion = 14.2;
					};
				};
			};
			buildConfigurationList = 9DEF27F2299E738400E66449 /* Build configuration list for PBXProject "MoonShot" */;
			compatibilityVersion = "Xcode 14.0";
			developmentRegion = en;
			hasScannedForEncodings = 0;
			knownRegions = (
				en,
				Base,
			);
			mainGroup = 9DEF27EE299E738400E66449;
			productRefGroup = 9DEF27F8299E738400E66449 /* Products */;
			projectDirPath = "";
			projectRoot = "";
			targets = (
				9DEF27F6299E738400E66449 /* MoonShot */,
			);
		};
/* End PBXProject section */

/* Begin PBXResourcesBuildPhase section */
		9DEF27F5299E738400E66449 /* Resources */ = {
			isa = PBXResourcesBuildPhase;
			buildActionMask = 2147483647;
			files = (
				9DEF280A299E7A3400E66449 /* astronauts.json in Resources */,
				9DEF2802299E738500E66449 /* Preview Assets.xcassets in Resources */,
				9DEF280B299E7A3400E66449 /* missions.json in Resources */,
				9DEF27FF299E738500E66449 /* Assets.xcassets in Resources */,
			);
			runOnlyForDeploymentPostprocessing = 0;
		};
/* End PBXResourcesBuildPhase section */

/* Begin PBXSourcesBuildPhase section */
		9DEF27F3299E738400E66449 /* Sources */ = {
			isa = PBXSourcesBuildPhase;
			buildActionMask = 2147483647;
			files = (
				9DEF2818299E8F8F00E66449 /* MissionView.swift in Sources */,
				9DEF280D299E7ACA00E66449 /* Astronaut.swift in Sources */,
				9DEF281B299E930D00E66449 /* AstronautView.swift in Sources */,
				9DEF281F299E947D00E66449 /* CrewCarouselView.swift in Sources */,
				9DEF2822299E952800E66449 /* MissionsGridView.swift in Sources */,
				9DEF2816299E8D3400E66449 /* Color-Theme.swift in Sources */,
				9DEF27FD299E738400E66449 /* ContentView.swift in Sources */,
				9DEF27FB299E738400E66449 /* MoonShotApp.swift in Sources */,
				9DEF2811299E7BD300E66449 /* Mission.swift in Sources */,
				9DEF280F299E7B0D00E66449 /* Bundle-Decodable.swift in Sources */,
				9DEF2824299E967C00E66449 /* MissionsTableView.swift in Sources */,
				9DEF281D299E944800E66449 /* CustomDividerView.swift in Sources */,
			);
			runOnlyForDeploymentPostprocessing = 0;
		};
/* End PBXSourcesBuildPhase section */

/* Begin XCBuildConfiguration section */
		9DEF2803299E738500E66449 /* Debug */ = {
			isa = XCBuildConfiguration;
			buildSettings = {
				ALWAYS_SEARCH_USER_PATHS = NO;
				CLANG_ANALYZER_NONNULL = YES;
				CLANG_ANALYZER_NUMBER_OBJECT_CONVERSION = YES_AGGRESSIVE;
				CLANG_CXX_LANGUAGE_STANDARD = "gnu++20";
				CLANG_ENABLE_MODULES = YES;
				CLANG_ENABLE_OBJC_ARC = YES;
				CLANG_ENABLE_OBJC_WEAK = YES;
				CLANG_WARN_BLOCK_CAPTURE_AUTORELEASING = YES;
				CLANG_WARN_BOOL_CONVERSION = YES;
				CLANG_WARN_COMMA = YES;
				CLANG_WARN_CONSTANT_CONVERSION = YES;
				CLANG_WARN_DEPRECATED_OBJC_IMPLEMENTATIONS = YES;
				CLANG_WARN_DIRECT_OBJC_ISA_USAGE = YES_ERROR;
				CLANG_WARN_DOCUMENTATION_COMMENTS = YES;
				CLANG_WARN_EMPTY_BODY = YES;
				CLANG_WARN_ENUM_CONVERSION = YES;
				CLANG_WARN_INFINITE_RECURSION = YES;
				CLANG_WARN_INT_CONVERSION = YES;
				CLANG_WARN_NON_LITERAL_NULL_CONVERSION = YES;
				CLANG_WARN_OBJC_IMPLICIT_RETAIN_SELF = YES;
				CLANG_WARN_OBJC_LITERAL_CONVERSION = YES;
				CLANG_WARN_OBJC_ROOT_CLASS = YES_ERROR;
				CLANG_WARN_QUOTED_INCLUDE_IN_FRAMEWORK_HEADER = YES;
				CLANG_WARN_RANGE_LOOP_ANALYSIS = YES;
				CLANG_WARN_STRICT_PROTOTYPES = YES;
				CLANG_WARN_SUSPICIOUS_MOVE = YES;
				CLANG_WARN_UNGUARDED_AVAILABILITY = YES_AGGRESSIVE;
				CLANG_WARN_UNREACHABLE_CODE = YES;
				CLANG_WARN__DUPLICATE_METHOD_MATCH = YES;
				COPY_PHASE_STRIP = NO;
				DEBUG_INFORMATION_FORMAT = dwarf;
				ENABLE_STRICT_OBJC_MSGSEND = YES;
				ENABLE_TESTABILITY = YES;
				GCC_C_LANGUAGE_STANDARD = gnu11;
				GCC_DYNAMIC_NO_PIC = NO;
				GCC_NO_COMMON_BLOCKS = YES;
				GCC_OPTIMIZATION_LEVEL = 0;
				GCC_PREPROCESSOR_DEFINITIONS = (
					"DEBUG=1",
					"$(inherited)",
				);
				GCC_WARN_64_TO_32_BIT_CONVERSION = YES;
				GCC_WARN_ABOUT_RETURN_TYPE = YES_ERROR;
				GCC_WARN_UNDECLARED_SELECTOR = YES;
				GCC_WARN_UNINITIALIZED_AUTOS = YES_AGGRESSIVE;
				GCC_WARN_UNUSED_FUNCTION = YES;
				GCC_WARN_UNUSED_VARIABLE = YES;
				IPHONEOS_DEPLOYMENT_TARGET = 16.2;
				MTL_ENABLE_DEBUG_INFO = INCLUDE_SOURCE;
				MTL_FAST_MATH = YES;
				ONLY_ACTIVE_ARCH = YES;
				SDKROOT = iphoneos;
				SWIFT_ACTIVE_COMPILATION_CONDITIONS = DEBUG;
				SWIFT_OPTIMIZATION_LEVEL = "-Onone";
			};
			name = Debug;
		};
		9DEF2804299E738500E66449 /* Release */ = {
			isa = XCBuildConfiguration;
			buildSettings = {
				ALWAYS_SEARCH_USER_PATHS = NO;
				CLANG_ANALYZER_NONNULL = YES;
				CLANG_ANALYZER_NUMBER_OBJECT_CONVERSION = YES_AGGRESSIVE;
				CLANG_CXX_LANGUAGE_STANDARD = "gnu++20";
				CLANG_ENABLE_MODULES = YES;
				CLANG_ENABLE_OBJC_ARC = YES;
				CLANG_ENABLE_OBJC_WEAK = YES;
				CLANG_WARN_BLOCK_CAPTURE_AUTORELEASING = YES;
				CLANG_WARN_BOOL_CONVERSION = YES;
				CLANG_WARN_COMMA = YES;
				CLANG_WARN_CONSTANT_CONVERSION = YES;
				CLANG_WARN_DEPRECATED_OBJC_IMPLEMENTATIONS = YES;
				CLANG_WARN_DIRECT_OBJC_ISA_USAGE = YES_ERROR;
				CLANG_WARN_DOCUMENTATION_COMMENTS = YES;
				CLANG_WARN_EMPTY_BODY = YES;
				CLANG_WARN_ENUM_CONVERSION = YES;
				CLANG_WARN_INFINITE_RECURSION = YES;
				CLANG_WARN_INT_CONVERSION = YES;
				CLANG_WARN_NON_LITERAL_NULL_CONVERSION = YES;
				CLANG_WARN_OBJC_IMPLICIT_RETAIN_SELF = YES;
				CLANG_WARN_OBJC_LITERAL_CONVERSION = YES;
				CLANG_WARN_OBJC_ROOT_CLASS = YES_ERROR;
				CLANG_WARN_QUOTED_INCLUDE_IN_FRAMEWORK_HEADER = YES;
				CLANG_WARN_RANGE_LOOP_ANALYSIS = YES;
				CLANG_WARN_STRICT_PROTOTYPES = YES;
				CLANG_WARN_SUSPICIOUS_MOVE = YES;
				CLANG_WARN_UNGUARDED_AVAILABILITY = YES_AGGRESSIVE;
				CLANG_WARN_UNREACHABLE_CODE = YES;
				CLANG_WARN__DUPLICATE_METHOD_MATCH = YES;
				COPY_PHASE_STRIP = NO;
				DEBUG_INFORMATION_FORMAT = "dwarf-with-dsym";
				ENABLE_NS_ASSERTIONS = NO;
				ENABLE_STRICT_OBJC_MSGSEND = YES;
				GCC_C_LANGUAGE_STANDARD = gnu11;
				GCC_NO_COMMON_BLOCKS = YES;
				GCC_WARN_64_TO_32_BIT_CONVERSION = YES;
				GCC_WARN_ABOUT_RETURN_TYPE = YES_ERROR;
				GCC_WARN_UNDECLARED_SELECTOR = YES;
				GCC_WARN_UNINITIALIZED_AUTOS = YES_AGGRESSIVE;
				GCC_WARN_UNUSED_FUNCTION = YES;
				GCC_WARN_UNUSED_VARIABLE = YES;
				IPHONEOS_DEPLOYMENT_TARGET = 16.2;
				MTL_ENABLE_DEBUG_INFO = NO;
				MTL_FAST_MATH = YES;
				SDKROOT = iphoneos;
				SWIFT_COMPILATION_MODE = wholemodule;
				SWIFT_OPTIMIZATION_LEVEL = "-O";
				VALIDATE_PRODUCT = YES;
			};
			name = Release;
		};
		9DEF2806299E738500E66449 /* Debug */ = {
			isa = XCBuildConfiguration;
			buildSettings = {
				ASSETCATALOG_COMPILER_APPICON_NAME = AppIcon;
				ASSETCATALOG_COMPILER_GLOBAL_ACCENT_COLOR_NAME = AccentColor;
				CODE_SIGN_STYLE = Automatic;
				CURRENT_PROJECT_VERSION = 1;
				DEVELOPMENT_ASSET_PATHS = "\"MoonShot/Preview Content\"";
				DEVELOPMENT_TEAM = 6UWQ56AG86;
				ENABLE_PREVIEWS = YES;
				GENERATE_INFOPLIST_FILE = YES;
				INFOPLIST_KEY_UIApplicationSceneManifest_Generation = YES;
				INFOPLIST_KEY_UIApplicationSupportsIndirectInputEvents = YES;
				INFOPLIST_KEY_UILaunchScreen_Generation = YES;
				INFOPLIST_KEY_UISupportedInterfaceOrientations_iPad = "UIInterfaceOrientationPortrait UIInterfaceOrientationPortraitUpsideDown UIInterfaceOrientationLandscapeLeft UIInterfaceOrientationLandscapeRight";
				INFOPLIST_KEY_UISupportedInterfaceOrientations_iPhone = "UIInterfaceOrientationPortrait UIInterfaceOrientationLandscapeLeft UIInterfaceOrientationLandscapeRight";
				LD_RUNPATH_SEARCH_PATHS = (
					"$(inherited)",
					"@executable_path/Frameworks",
				);
				MARKETING_VERSION = 1.0;
				PRODUCT_BUNDLE_IDENTIFIER = com.angelinashamanova.MoonShot;
				PRODUCT_NAME = "$(TARGET_NAME)";
				SWIFT_EMIT_LOC_STRINGS = YES;
				SWIFT_VERSION = 5.0;
				TARGETED_DEVICE_FAMILY = "1,2";
			};
			name = Debug;
		};
		9DEF2807299E738500E66449 /* Release */ = {
			isa = XCBuildConfiguration;
			buildSettings = {
				ASSETCATALOG_COMPILER_APPICON_NAME = AppIcon;
				ASSETCATALOG_COMPILER_GLOBAL_ACCENT_COLOR_NAME = AccentColor;
				CODE_SIGN_STYLE = Automatic;
				CURRENT_PROJECT_VERSION = 1;
				DEVELOPMENT_ASSET_PATHS = "\"MoonShot/Preview Content\"";
				DEVELOPMENT_TEAM = 6UWQ56AG86;
				ENABLE_PREVIEWS = YES;
				GENERATE_INFOPLIST_FILE = YES;
				INFOPLIST_KEY_UIApplicationSceneManifest_Generation = YES;
				INFOPLIST_KEY_UIApplicationSupportsIndirectInputEvents = YES;
				INFOPLIST_KEY_UILaunchScreen_Generation = YES;
				INFOPLIST_KEY_UISupportedInterfaceOrientations_iPad = "UIInterfaceOrientationPortrait UIInterfaceOrientationPortraitUpsideDown UIInterfaceOrientationLandscapeLeft UIInterfaceOrientationLandscapeRight";
				INFOPLIST_KEY_UISupportedInterfaceOrientations_iPhone = "UIInterfaceOrientationPortrait UIInterfaceOrientationLandscapeLeft UIInterfaceOrientationLandscapeRight";
				LD_RUNPATH_SEARCH_PATHS = (
					"$(inherited)",
					"@executable_path/Frameworks",
				);
				MARKETING_VERSION = 1.0;
				PRODUCT_BUNDLE_IDENTIFIER = com.angelinashamanova.MoonShot;
				PRODUCT_NAME = "$(TARGET_NAME)";
				SWIFT_EMIT_LOC_STRINGS = YES;
				SWIFT_VERSION = 5.0;
				TARGETED_DEVICE_FAMILY = "1,2";
			};
			name = Release;
		};
/* End XCBuildConfiguration section */

/* Begin XCConfigurationList section */
		9DEF27F2299E738400E66449 /* Build configuration list for PBXProject "MoonShot" */ = {
			isa = XCConfigurationList;
			buildConfigurations = (
				9DEF2803299E738500E66449 /* Debug */,
				9DEF2804299E738500E66449 /* Release */,
			);
			defaultConfigurationIsVisible = 0;
			defaultConfigurationName = Release;
		};
		9DEF2805299E738500E66449 /* Build configuration list for PBXNativeTarget "MoonShot" */ = {
			isa = XCConfigurationList;
			buildConfigurations = (
				9DEF2806299E738500E66449 /* Debug */,
				9DEF2807299E738500E66449 /* Release */,
			);
			defaultConfigurationIsVisible = 0;
			defaultConfigurationName = Release;
		};
/* End XCConfigurationList section */
	};
	rootObject = 9DEF27EF299E738400E66449 /* Project object */;
}
